{
  "name": "AI-Learning-Assistant1",
  "lockfileVersion": 3,
  "requires": true,
  "packages": {
    "": {
      "dependencies": {
        "@qdrant/js-client-rest": "^1.16.2",
        "path": "^0.12.7",
        "qdrant-client": "^0.0.1"
      }
    },
    "node_modules/@qdrant/js-client-rest": {
      "version": "1.16.2",
      "resolved": "https://registry.npmjs.org/@qdrant/js-client-rest/-/js-client-rest-1.16.2.tgz",
      "integrity": "sha512-Zm4wEZURrZ24a+Hmm4l1QQYjiz975Ep3vF0yzWR7ICGcxittNz47YK2iBOk8kb8qseCu8pg7WmO1HOIsO8alvw==",
      "license": "Apache-2.0",
      "dependencies": {
        "@qdrant/openapi-typescript-fetch": "1.2.6",
        "undici": "^6.0.0"
      },
      "engines": {
        "node": ">=18.17.0",
        "pnpm": ">=8"
      },
      "peerDependencies": {
        "typescript": ">=4.7"
      }
    },
    "node_modules/@qdrant/openapi-typescript-fetch": {
      "version": "1.2.6",
      "resolved": "https://registry.npmjs.org/@qdrant/openapi-typescript-fetch/-/openapi-typescript-fetch-1.2.6.tgz",
      "integrity": "sha512-oQG/FejNpItrxRHoyctYvT3rwGZOnK4jr3JdppO/c78ktDvkWiPXPHNsrDf33K9sZdRb6PR7gi4noIapu5q4HA==",
      "license": "MIT",
      "engines": {
        "node": ">=18.0.0",
        "pnpm": ">=8"
      }
    },
    "node_modules/inherits": {
      "version": "2.0.3",
      "resolved": "https://registry.npmjs.org/inherits/-/inherits-2.0.3.tgz",
      "integrity": "sha512-x00IRNXNy63jwGkJmzPigoySHbaqpNuzKbBOmzK+g2OdZpQ9w+sxCN+VSB3ja7IAge2OP2qpfxTjeNcyjmW1uw==",
      "license": "ISC"
    },
    "node_modules/path": {
      "version": "0.12.7",
      "resolved": "https://registry.npmjs.org/path/-/path-0.12.7.tgz",
      "integrity": "sha512-aXXC6s+1w7otVF9UletFkFcDsJeO7lSZBPUQhtb5O0xJe8LtYhj/GxldoL09bBj9+ZmE2hNoHqQSFMN5fikh4Q==",
      "license": "MIT",
      "dependencies": {
        "process": "^0.11.1",
        "util": "^0.10.3"
      }
    },
    "node_modules/process": {
      "version": "0.11.10",
      "resolved": "https://registry.npmjs.org/process/-/process-0.11.10.tgz",
      "integrity": "sha512-cdGef/drWFoydD1JsMzuFf8100nZl+GT+yacc2bEced5f9Rjk4z+WtFUTBu9PhOi9j/jfmBPu0mMEY4wIdAF8A==",
      "license": "MIT",
      "engines": {
        "node": ">= 0.6.0"
      }
    },
    "node_modules/qdrant-client": {
      "version": "0.0.1",
      "resolved": "https://registry.npmjs.org/qdrant-client/-/qdrant-client-0.0.1.tgz",
      "integrity": "sha512-VGvXZtx8FDZr+miqAN6R6OFc/3mDS4hmwc65b5LbVX6psNqwilFnWBfxriEdRkpbKLvmihIC2xK536ir+d1ItQ==",
      "license": "MIT"
    },
    "node_modules/typescript": {
      "version": "5.9.3",
      "resolved": "https://registry.npmjs.org/typescript/-/typescript-5.9.3.tgz",
      "integrity": "sha512-jl1vZzPDinLr9eUt3J/t7V6FgNEw9QjvBPdysz9KfQDD41fQrC2Y4vKQdiaUpFT4bXlb1RHhLpp8wtm6M5TgSw==",
      "license": "Apache-2.0",
      "peer": true,
      "bin": {
        "tsc": "bin/tsc",
        "tsserver": "bin/tsserver"
      },
      "engines": {
        "node": ">=14.17"
      }
    },
    "node_modules/undici": {
      "version": "6.22.0",
      "resolved": "https://registry.npmjs.org/undici/-/undici-6.22.0.tgz",
      "integrity": "sha512-hU/10obOIu62MGYjdskASR3CUAiYaFTtC9Pa6vHyf//mAipSvSQg6od2CnJswq7fvzNS3zJhxoRkgNVaHurWKw==",
      "license": "MIT",
      "engines": {
        "node": ">=18.17"
      }
    },
    "node_modules/util": {
      "version": "0.10.4",
      "resolved": "https://registry.npmjs.org/util/-/util-0.10.4.tgz",
      "integrity": "sha512-0Pm9hTQ3se5ll1XihRic3FDIku70C+iHUdT/W926rSgHV5QgXsYbKZN8MSC3tJtSkhuROzvsQjAaFENRXr+19A==",
      "license": "MIT",
      "dependencies": {
        "inherits": "2.0.3"
      }
    }
  }
}
